// !$*UTF8*$!
{
	archiveVersion = 1;
	classes = {
	};
	objectVersion = 50;
	objects = {

/* Begin PBXBuildFile section */
		D4BE85542458609700431FAA /* AppDelegate.swift in Sources */ = {isa = PBXBuildFile; fileRef = D4BE85532458609700431FAA /* AppDelegate.swift */; };
		D4BE85562458609700431FAA /* SceneDelegate.swift in Sources */ = {isa = PBXBuildFile; fileRef = D4BE85552458609700431FAA /* SceneDelegate.swift */; };
		D4BE85582458609700431FAA /* ViewController.swift in Sources */ = {isa = PBXBuildFile; fileRef = D4BE85572458609700431FAA /* ViewController.swift */; };
		D4BE855B2458609700431FAA /* Main.storyboard in Resources */ = {isa = PBXBuildFile; fileRef = D4BE85592458609700431FAA /* Main.storyboard */; };
		D4BE855D2458609A00431FAA /* Assets.xcassets in Resources */ = {isa = PBXBuildFile; fileRef = D4BE855C2458609A00431FAA /* Assets.xcassets */; };
		D4BE85602458609A00431FAA /* LaunchScreen.storyboard in Resources */ = {isa = PBXBuildFile; fileRef = D4BE855E2458609A00431FAA /* LaunchScreen.storyboard */; };
		D4BE856B2458609A00431FAA /* pitchTests.swift in Sources */ = {isa = PBXBuildFile; fileRef = D4BE856A2458609A00431FAA /* pitchTests.swift */; };
		D4BE85762458609A00431FAA /* pitchUITests.swift in Sources */ = {isa = PBXBuildFile; fileRef = D4BE85752458609A00431FAA /* pitchUITests.swift */; };
/* End PBXBuildFile section */

/* Begin PBXContainerItemProxy section */
		D4BE85672458609A00431FAA /* PBXContainerItemProxy */ = {
			isa = PBXContainerItemProxy;
			containerPortal = D4BE85482458609700431FAA /* Project object */;
			proxyType = 1;
			remoteGlobalIDString = D4BE854F2458609700431FAA;
			remoteInfo = pitch;
		};
		D4BE85722458609A00431FAA /* PBXContainerItemProxy */ = {
			isa = PBXContainerItemProxy;
			containerPortal = D4BE85482458609700431FAA /* Project object */;
			proxyType = 1;
			remoteGlobalIDString = D4BE854F2458609700431FAA;
			remoteInfo = pitch;
		};
/* End PBXContainerItemProxy section */

/* Begin PBXFileReference section */
		D4BE85502458609700431FAA /* pitch.app */ = {isa = PBXFileReference; explicitFileType = wrapper.application; includeInIndex = 0; path = pitch.app; sourceTree = BUILT_PRODUCTS_DIR; };
		D4BE85532458609700431FAA /* AppDelegate.swift */ = {isa = PBXFileReference; lastKnownFileType = sourcecode.swift; path = AppDelegate.swift; sourceTree = "<group>"; };
		D4BE85552458609700431FAA /* SceneDelegate.swift */ = {isa = PBXFileReference; lastKnownFileType = sourcecode.swift; path = SceneDelegate.swift; sourceTree = "<group>"; };
		D4BE85572458609700431FAA /* ViewController.swift */ = {isa = PBXFileReference; lastKnownFileType = sourcecode.swift; path = ViewController.swift; sourceTree = "<group>"; };
		D4BE855A2458609700431FAA /* Base */ = {isa = PBXFileReference; lastKnownFileType = file.storyboard; name = Base; path = Base.lproj/Main.storyboard; sourceTree = "<group>"; };
		D4BE855C2458609A00431FAA /* Assets.xcassets */ = {isa = PBXFileReference; lastKnownFileType = folder.assetcatalog; path = Assets.xcassets; sourceTree = "<group>"; };
		D4BE855F2458609A00431FAA /* Base */ = {isa = PBXFileReference; lastKnownFileType = file.storyboard; name = Base; path = Base.lproj/LaunchScreen.storyboard; sourceTree = "<group>"; };
		D4BE85612458609A00431FAA /* Info.plist */ = {isa = PBXFileReference; lastKnownFileType = text.plist.xml; path = Info.plist; sourceTree = "<group>"; };
		D4BE85662458609A00431FAA /* pitchTests.xctest */ = {isa = PBXFileReference; explicitFileType = wrapper.cfbundle; includeInIndex = 0; path = pitchTests.xctest; sourceTree = BUILT_PRODUCTS_DIR; };
		D4BE856A2458609A00431FAA /* pitchTests.swift */ = {isa = PBXFileReference; lastKnownFileType = sourcecode.swift; path = pitchTests.swift; sourceTree = "<group>"; };
		D4BE856C2458609A00431FAA /* Info.plist */ = {isa = PBXFileReference; lastKnownFileType = text.plist.xml; path = Info.plist; sourceTree = "<group>"; };
		D4BE85712458609A00431FAA /* pitchUITests.xctest */ = {isa = PBXFileReference; explicitFileType = wrapper.cfbundle; includeInIndex = 0; path = pitchUITests.xctest; sourceTree = BUILT_PRODUCTS_DIR; };
		D4BE85752458609A00431FAA /* pitchUITests.swift */ = {isa = PBXFileReference; lastKnownFileType = sourcecode.swift; path = pitchUITests.swift; sourceTree = "<group>"; };
		D4BE85772458609A00431FAA /* Info.plist */ = {isa = PBXFileReference; lastKnownFileType = text.plist.xml; path = Info.plist; sourceTree = "<group>"; };
/* End PBXFileReference section */

/* Begin PBXFrameworksBuildPhase section */
		D4BE854D2458609700431FAA /* Frameworks */ = {
			isa = PBXFrameworksBuildPhase;
			buildActionMask = 2147483647;
			files = (
			);
			runOnlyForDeploymentPostprocessing = 0;
		};
		D4BE85632458609A00431FAA /* Frameworks */ = {
			isa = PBXFrameworksBuildPhase;
			buildActionMask = 2147483647;
			files = (
			);
			runOnlyForDeploymentPostprocessing = 0;
		};
		D4BE856E2458609A00431FAA /* Frameworks */ = {
			isa = PBXFrameworksBuildPhase;
			buildActionMask = 2147483647;
			files = (
			);
			runOnlyForDeploymentPostprocessing = 0;
		};
/* End PBXFrameworksBuildPhase section */

/* Begin PBXGroup section */
		D4BE85472458609700431FAA = {
			isa = PBXGroup;
			children = (
				D4BE85522458609700431FAA /* pitch */,
				D4BE85692458609A00431FAA /* pitchTests */,
				D4BE85742458609A00431FAA /* pitchUITests */,
				D4BE85512458609700431FAA /* Products */,
			);
			sourceTree = "<group>";
		};
		D4BE85512458609700431FAA /* Products */ = {
			isa = PBXGroup;
			children = (
				D4BE85502458609700431FAA /* pitch.app */,
				D4BE85662458609A00431FAA /* pitchTests.xctest */,
				D4BE85712458609A00431FAA /* pitchUITests.xctest */,
			);
			name = Products;
			sourceTree = "<group>";
		};
		D4BE85522458609700431FAA /* pitch */ = {
			isa = PBXGroup;
			children = (
				D4BE85532458609700431FAA /* AppDelegate.swift */,
				D4BE85552458609700431FAA /* SceneDelegate.swift */,
				D4BE85572458609700431FAA /* ViewController.swift */,
				D4BE85592458609700431FAA /* Main.storyboard */,
				D4BE855C2458609A00431FAA /* Assets.xcassets */,
				D4BE855E2458609A00431FAA /* LaunchScreen.storyboard */,
				D4BE85612458609A00431FAA /* Info.plist */,
			);
			path = pitch;
			sourceTree = "<group>";
		};
		D4BE85692458609A00431FAA /* pitchTests */ = {
			isa = PBXGroup;
			children = (
				D4BE856A2458609A00431FAA /* pitchTests.swift */,
				D4BE856C2458609A00431FAA /* Info.plist */,
			);
			path = pitchTests;
			sourceTree = "<group>";
		};
		D4BE85742458609A00431FAA /* pitchUITests */ = {
			isa = PBXGroup;
			children = (
				D4BE85752458609A00431FAA /* pitchUITests.swift */,
				D4BE85772458609A00431FAA /* Info.plist */,
			);
			path = pitchUITests;
			sourceTree = "<group>";
		};
/* End PBXGroup section */

/* Begin PBXNativeTarget section */
		D4BE854F2458609700431FAA /* pitch */ = {
			isa = PBXNativeTarget;
			buildConfigurationList = D4BE857A2458609A00431FAA /* Build configuration list for PBXNativeTarget "pitch" */;
			buildPhases = (
				D4BE854C2458609700431FAA /* Sources */,
				D4BE854D2458609700431FAA /* Frameworks */,
				D4BE854E2458609700431FAA /* Resources */,
			);
			buildRules = (
			);
			dependencies = (
			);
			name = pitch;
			productName = pitch;
			productReference = D4BE85502458609700431FAA /* pitch.app */;
			productType = "com.apple.product-type.application";
		};
		D4BE85652458609A00431FAA /* pitchTests */ = {
			isa = PBXNativeTarget;
			buildConfigurationList = D4BE857D2458609A00431FAA /* Build configuration list for PBXNativeTarget "pitchTests" */;
			buildPhases = (
				D4BE85622458609A00431FAA /* Sources */,
				D4BE85632458609A00431FAA /* Frameworks */,
				D4BE85642458609A00431FAA /* Resources */,
			);
			buildRules = (
			);
			dependencies = (
				D4BE85682458609A00431FAA /* PBXTargetDependency */,
			);
			name = pitchTests;
			productName = pitchTests;
			productReference = D4BE85662458609A00431FAA /* pitchTests.xctest */;
			productType = "com.apple.product-type.bundle.unit-test";
		};
		D4BE85702458609A00431FAA /* pitchUITests */ = {
			isa = PBXNativeTarget;
			buildConfigurationList = D4BE85802458609A00431FAA /* Build configuration list for PBXNativeTarget "pitchUITests" */;
			buildPhases = (
				D4BE856D2458609A00431FAA /* Sources */,
				D4BE856E2458609A00431FAA /* Frameworks */,
				D4BE856F2458609A00431FAA /* Resources */,
			);
			buildRules = (
			);
			dependencies = (
				D4BE85732458609A00431FAA /* PBXTargetDependency */,
			);
			name = pitchUITests;
			productName = pitchUITests;
			productReference = D4BE85712458609A00431FAA /* pitchUITests.xctest */;
			productType = "com.apple.product-type.bundle.ui-testing";
		};
/* End PBXNativeTarget section */

/* Begin PBXProject section */
		D4BE85482458609700431FAA /* Project object */ = {
			isa = PBXProject;
			attributes = {
				LastSwiftUpdateCheck = 1140;
				LastUpgradeCheck = 1140;
				ORGANIZATIONNAME = "Abdulrahman Alotaibi";
				TargetAttributes = {
					D4BE854F2458609700431FAA = {
						CreatedOnToolsVersion = 11.4;
					};
					D4BE85652458609A00431FAA = {
						CreatedOnToolsVersion = 11.4;
						TestTargetID = D4BE854F2458609700431FAA;
					};
					D4BE85702458609A00431FAA = {
						CreatedOnToolsVersion = 11.4;
						TestTargetID = D4BE854F2458609700431FAA;
					};
				};
			};
			buildConfigurationList = D4BE854B2458609700431FAA /* Build configuration list for PBXProject "pitch" */;
			compatibilityVersion = "Xcode 9.3";
			developmentRegion = en;
			hasScannedForEncodings = 0;
			knownRegions = (
				en,
				Base,
			);
			mainGroup = D4BE85472458609700431FAA;
			productRefGroup = D4BE85512458609700431FAA /* Products */;
			projectDirPath = "";
			projectRoot = "";
			targets = (
				D4BE854F2458609700431FAA /* pitch */,
				D4BE85652458609A00431FAA /* pitchTests */,
				D4BE85702458609A00431FAA /* pitchUITests */,
			);
		};
/* End PBXProject section */

/* Begin PBXResourcesBuildPhase section */
		D4BE854E2458609700431FAA /* Resources */ = {
			isa = PBXResourcesBuildPhase;
			buildActionMask = 2147483647;
			files = (
				D4BE85602458609A00431FAA /* LaunchScreen.storyboard in Resources */,
				D4BE855D2458609A00431FAA /* Assets.xcassets in Resources */,
				D4BE855B2458609700431FAA /* Main.storyboard in Resources */,
			);
			runOnlyForDeploymentPostprocessing = 0;
		};
		D4BE85642458609A00431FAA /* Resources */ = {
			isa = PBXResourcesBuildPhase;
			buildActionMask = 2147483647;
			files = (
			);
			runOnlyForDeploymentPostprocessing = 0;
		};
		D4BE856F2458609A00431FAA /* Resources */ = {
			isa = PBXResourcesBuildPhase;
			buildActionMask = 2147483647;
			files = (
			);
			runOnlyForDeploymentPostprocessing = 0;
		};
/* End PBXResourcesBuildPhase section */

/* Begin PBXSourcesBuildPhase section */
		D4BE854C2458609700431FAA /* Sources */ = {
			isa = PBXSourcesBuildPhase;
			buildActionMask = 2147483647;
			files = (
				D4BE85582458609700431FAA /* ViewController.swift in Sources */,
				D4BE85542458609700431FAA /* AppDelegate.swift in Sources */,
				D4BE85562458609700431FAA /* SceneDelegate.swift in Sources */,
			);
			runOnlyForDeploymentPostprocessing = 0;
		};
		D4BE85622458609A00431FAA /* Sources */ = {
			isa = PBXSourcesBuildPhase;
			buildActionMask = 2147483647;
			files = (
				D4BE856B2458609A00431FAA /* pitchTests.swift in Sources */,
			);
			runOnlyForDeploymentPostprocessing = 0;
		};
		D4BE856D2458609A00431FAA /* Sources */ = {
			isa = PBXSourcesBuildPhase;
			buildActionMask = 2147483647;
			files = (
				D4BE85762458609A00431FAA /* pitchUITests.swift in Sources */,
			);
			runOnlyForDeploymentPostprocessing = 0;
		};
/* End PBXSourcesBuildPhase section */

/* Begin PBXTargetDependency section */
		D4BE85682458609A00431FAA /* PBXTargetDependency */ = {
			isa = PBXTargetDependency;
			target = D4BE854F2458609700431FAA /* pitch */;
			targetProxy = D4BE85672458609A00431FAA /* PBXContainerItemProxy */;
		};
		D4BE85732458609A00431FAA /* PBXTargetDependency */ = {
			isa = PBXTargetDependency;
			target = D4BE854F2458609700431FAA /* pitch */;
			targetProxy = D4BE85722458609A00431FAA /* PBXContainerItemProxy */;
		};
/* End PBXTargetDependency section */

/* Begin PBXVariantGroup section */
		D4BE85592458609700431FAA /* Main.storyboard */ = {
			isa = PBXVariantGroup;
			children = (
				D4BE855A2458609700431FAA /* Base */,
			);
			name = Main.storyboard;
			sourceTree = "<group>";
		};
		D4BE855E2458609A00431FAA /* LaunchScreen.storyboard */ = {
			isa = PBXVariantGroup;
			children = (
				D4BE855F2458609A00431FAA /* Base */,
			);
			name = LaunchScreen.storyboard;
			sourceTree = "<group>";
		};
/* End PBXVariantGroup section */

/* Begin XCBuildConfiguration section */
		D4BE85782458609A00431FAA /* Debug */ = {
			isa = XCBuildConfiguration;
			buildSettings = {
				ALWAYS_SEARCH_USER_PATHS = NO;
				CLANG_ANALYZER_NONNULL = YES;
				CLANG_ANALYZER_NUMBER_OBJECT_CONVERSION = YES_AGGRESSIVE;
				CLANG_CXX_LANGUAGE_STANDARD = "gnu++14";
				CLANG_CXX_LIBRARY = "libc++";
				CLANG_ENABLE_MODULES = YES;
				CLANG_ENABLE_OBJC_ARC = YES;
				CLANG_ENABLE_OBJC_WEAK = YES;
				CLANG_WARN_BLOCK_CAPTURE_AUTORELEASING = YES;
				CLANG_WARN_BOOL_CONVERSION = YES;
				CLANG_WARN_COMMA = YES;
				CLANG_WARN_CONSTANT_CONVERSION = YES;
				CLANG_WARN_DEPRECATED_OBJC_IMPLEMENTATIONS = YES;
				CLANG_WARN_DIRECT_OBJC_ISA_USAGE = YES_ERROR;
				CLANG_WARN_DOCUMENTATION_COMMENTS = YES;
				CLANG_WARN_EMPTY_BODY = YES;
				CLANG_WARN_ENUM_CONVERSION = YES;
				CLANG_WARN_INFINITE_RECURSION = YES;
				CLANG_WARN_INT_CONVERSION = YES;
				CLANG_WARN_NON_LITERAL_NULL_CONVERSION = YES;
				CLANG_WARN_OBJC_IMPLICIT_RETAIN_SELF = YES;
				CLANG_WARN_OBJC_LITERAL_CONVERSION = YES;
				CLANG_WARN_OBJC_ROOT_CLASS = YES_ERROR;
				CLANG_WARN_RANGE_LOOP_ANALYSIS = YES;
				CLANG_WARN_STRICT_PROTOTYPES = YES;
				CLANG_WARN_SUSPICIOUS_MOVE = YES;
				CLANG_WARN_UNGUARDED_AVAILABILITY = YES_AGGRESSIVE;
				CLANG_WARN_UNREACHABLE_CODE = YES;
				CLANG_WARN__DUPLICATE_METHOD_MATCH = YES;
				COPY_PHASE_STRIP = NO;
				DEBUG_INFORMATION_FORMAT = dwarf;
				ENABLE_STRICT_OBJC_MSGSEND = YES;
				ENABLE_TESTABILITY = YES;
				GCC_C_LANGUAGE_STANDARD = gnu11;
				GCC_DYNAMIC_NO_PIC = NO;
				GCC_NO_COMMON_BLOCKS = YES;
				GCC_OPTIMIZATION_LEVEL = 0;
				GCC_PREPROCESSOR_DEFINITIONS = (
					"DEBUG=1",
					"$(inherited)",
				);
				GCC_WARN_64_TO_32_BIT_CONVERSION = YES;
				GCC_WARN_ABOUT_RETURN_TYPE = YES_ERROR;
				GCC_WARN_UNDECLARED_SELECTOR = YES;
				GCC_WARN_UNINITIALIZED_AUTOS = YES_AGGRESSIVE;
				GCC_WARN_UNUSED_FUNCTION = YES;
				GCC_WARN_UNUSED_VARIABLE = YES;
				IPHONEOS_DEPLOYMENT_TARGET = 13.4;
				MTL_ENABLE_DEBUG_INFO = INCLUDE_SOURCE;
				MTL_FAST_MATH = YES;
				ONLY_ACTIVE_ARCH = YES;
				SDKROOT = iphoneos;
				SWIFT_ACTIVE_COMPILATION_CONDITIONS = DEBUG;
				SWIFT_OPTIMIZATION_LEVEL = "-Onone";
			};
			name = Debug;
		};
		D4BE85792458609A00431FAA /* Release */ = {
			isa = XCBuildConfiguration;
			buildSettings = {
				ALWAYS_SEARCH_USER_PATHS = NO;
				CLANG_ANALYZER_NONNULL = YES;
				CLANG_ANALYZER_NUMBER_OBJECT_CONVERSION = YES_AGGRESSIVE;
				CLANG_CXX_LANGUAGE_STANDARD = "gnu++14";
				CLANG_CXX_LIBRARY = "libc++";
				CLANG_ENABLE_MODULES = YES;
				CLANG_ENABLE_OBJC_ARC = YES;
				CLANG_ENABLE_OBJC_WEAK = YES;
				CLANG_WARN_BLOCK_CAPTURE_AUTORELEASING = YES;
				CLANG_WARN_BOOL_CONVERSION = YES;
				CLANG_WARN_COMMA = YES;
				CLANG_WARN_CONSTANT_CONVERSION = YES;
				CLANG_WARN_DEPRECATED_OBJC_IMPLEMENTATIONS = YES;
				CLANG_WARN_DIRECT_OBJC_ISA_USAGE = YES_ERROR;
				CLANG_WARN_DOCUMENTATION_COMMENTS = YES;
				CLANG_WARN_EMPTY_BODY = YES;
				CLANG_WARN_ENUM_CONVERSION = YES;
				CLANG_WARN_INFINITE_RECURSION = YES;
				CLANG_WARN_INT_CONVERSION = YES;
				CLANG_WARN_NON_LITERAL_NULL_CONVERSION = YES;
				CLANG_WARN_OBJC_IMPLICIT_RETAIN_SELF = YES;
				CLANG_WARN_OBJC_LITERAL_CONVERSION = YES;
				CLANG_WARN_OBJC_ROOT_CLASS = YES_ERROR;
				CLANG_WARN_RANGE_LOOP_ANALYSIS = YES;
				CLANG_WARN_STRICT_PROTOTYPES = YES;
				CLANG_WARN_SUSPICIOUS_MOVE = YES;
				CLANG_WARN_UNGUARDED_AVAILABILITY = YES_AGGRESSIVE;
				CLANG_WARN_UNREACHABLE_CODE = YES;
				CLANG_WARN__DUPLICATE_METHOD_MATCH = YES;
				COPY_PHASE_STRIP = NO;
				DEBUG_INFORMATION_FORMAT = "dwarf-with-dsym";
				ENABLE_NS_ASSERTIONS = NO;
				ENABLE_STRICT_OBJC_MSGSEND = YES;
				GCC_C_LANGUAGE_STANDARD = gnu11;
				GCC_NO_COMMON_BLOCKS = YES;
				GCC_WARN_64_TO_32_BIT_CONVERSION = YES;
				GCC_WARN_ABOUT_RETURN_TYPE = YES_ERROR;
				GCC_WARN_UNDECLARED_SELECTOR = YES;
				GCC_WARN_UNINITIALIZED_AUTOS = YES_AGGRESSIVE;
				GCC_WARN_UNUSED_FUNCTION = YES;
				GCC_WARN_UNUSED_VARIABLE = YES;
				IPHONEOS_DEPLOYMENT_TARGET = 13.4;
				MTL_ENABLE_DEBUG_INFO = NO;
				MTL_FAST_MATH = YES;
				SDKROOT = iphoneos;
				SWIFT_COMPILATION_MODE = wholemodule;
				SWIFT_OPTIMIZATION_LEVEL = "-O";
				VALIDATE_PRODUCT = YES;
			};
			name = Release;
		};
		D4BE857B2458609A00431FAA /* Debug */ = {
			isa = XCBuildConfiguration;
			buildSettings = {
				ASSETCATALOG_COMPILER_APPICON_NAME = AppIcon;
				CODE_SIGN_STYLE = Automatic;
				INFOPLIST_FILE = pitch/Info.plist;
				LD_RUNPATH_SEARCH_PATHS = (
					"$(inherited)",
					"@executable_path/Frameworks",
				);
				PRODUCT_BUNDLE_IDENTIFIER = "-.pitch";
				PRODUCT_NAME = "$(TARGET_NAME)";
				SWIFT_VERSION = 5.0;
				TARGETED_DEVICE_FAMILY = "1,2";
			};
			name = Debug;
		};
		D4BE857C2458609A00431FAA /* Release */ = {
			isa = XCBuildConfiguration;
			buildSettings = {
				ASSETCATALOG_COMPILER_APPICON_NAME = AppIcon;
				CODE_SIGN_STYLE = Automatic;
				INFOPLIST_FILE = pitch/Info.plist;
				LD_RUNPATH_SEARCH_PATHS = (
					"$(inherited)",
					"@executable_path/Frameworks",
				);
				PRODUCT_BUNDLE_IDENTIFIER = "-.pitch";
				PRODUCT_NAME = "$(TARGET_NAME)";
				SWIFT_VERSION = 5.0;
				TARGETED_DEVICE_FAMILY = "1,2";
			};
			name = Release;
		};
		D4BE857E2458609A00431FAA /* Debug */ = {
			isa = XCBuildConfiguration;
			buildSettings = {
				ALWAYS_EMBED_SWIFT_STANDARD_LIBRARIES = YES;
				BUNDLE_LOADER = "$(TEST_HOST)";
				CODE_SIGN_STYLE = Automatic;
				INFOPLIST_FILE = pitchTests/Info.plist;
				IPHONEOS_DEPLOYMENT_TARGET = 13.4;
				LD_RUNPATH_SEARCH_PATHS = (
					"$(inherited)",
					"@executable_path/Frameworks",
					"@loader_path/Frameworks",
				);
				PRODUCT_BUNDLE_IDENTIFIER = "-.pitchTests";
				PRODUCT_NAME = "$(TARGET_NAME)";
				SWIFT_VERSION = 5.0;
				TARGETED_DEVICE_FAMILY = "1,2";
				TEST_HOST = "$(BUILT_PRODUCTS_DIR)/pitch.app/pitch";
			};
			name = Debug;
		};
		D4BE857F2458609A00431FAA /* Release */ = {
			isa = XCBuildConfiguration;
			buildSettings = {
				ALWAYS_EMBED_SWIFT_STANDARD_LIBRARIES = YES;
				BUNDLE_LOADER = "$(TEST_HOST)";
				CODE_SIGN_STYLE = Automatic;
				INFOPLIST_FILE = pitchTests/Info.plist;
				IPHONEOS_DEPLOYMENT_TARGET = 13.4;
				LD_RUNPATH_SEARCH_PATHS = (
					"$(inherited)",
					"@executable_path/Frameworks",
					"@loader_path/Frameworks",
				);
				PRODUCT_BUNDLE_IDENTIFIER = "-.pitchTests";
				PRODUCT_NAME = "$(TARGET_NAME)";
				SWIFT_VERSION = 5.0;
				TARGETED_DEVICE_FAMILY = "1,2";
				TEST_HOST = "$(BUILT_PRODUCTS_DIR)/pitch.app/pitch";
			};
			name = Release;
		};
		D4BE85812458609A00431FAA /* Debug */ = {
			isa = XCBuildConfiguration;
			buildSettings = {
				ALWAYS_EMBED_SWIFT_STANDARD_LIBRARIES = YES;
				CODE_SIGN_STYLE = Automatic;
				INFOPLIST_FILE = pitchUITests/Info.plist;
				LD_RUNPATH_SEARCH_PATHS = (
					"$(inherited)",
					"@executable_path/Frameworks",
					"@loader_path/Frameworks",
				);
				PRODUCT_BUNDLE_IDENTIFIER = "-.pitchUITests";
				PRODUCT_NAME = "$(TARGET_NAME)";
				SWIFT_VERSION = 5.0;
				TARGETED_DEVICE_FAMILY = "1,2";
				TEST_TARGET_NAME = pitch;
			};
			name = Debug;
		};
		D4BE85822458609A00431FAA /* Release */ = {
			isa = XCBuildConfiguration;
			buildSettings = {
				ALWAYS_EMBED_SWIFT_STANDARD_LIBRARIES = YES;
				CODE_SIGN_STYLE = Automatic;
				INFOPLIST_FILE = pitchUITests/Info.plist;
				LD_RUNPATH_SEARCH_PATHS = (
					"$(inherited)",
					"@executable_path/Frameworks",
					"@loader_path/Frameworks",
				);
				PRODUCT_BUNDLE_IDENTIFIER = "-.pitchUITests";
				PRODUCT_NAME = "$(TARGET_NAME)";
				SWIFT_VERSION = 5.0;
				TARGETED_DEVICE_FAMILY = "1,2";
				TEST_TARGET_NAME = pitch;
			};
			name = Release;
		};
/* End XCBuildConfiguration section */

/* Begin XCConfigurationList section */
		D4BE854B2458609700431FAA /* Build configuration list for PBXProject "pitch" */ = {
			isa = XCConfigurationList;
			buildConfigurations = (
				D4BE85782458609A00431FAA /* Debug */,
				D4BE85792458609A00431FAA /* Release */,
			);
			defaultConfigurationIsVisible = 0;
			defaultConfigurationName = Release;
		};
		D4BE857A2458609A00431FAA /* Build configuration list for PBXNativeTarget "pitch" */ = {
			isa = XCConfigurationList;
			buildConfigurations = (
				D4BE857B2458609A00431FAA /* Debug */,
				D4BE857C2458609A00431FAA /* Release */,
			);
			defaultConfigurationIsVisible = 0;
			defaultConfigurationName = Release;
		};
		D4BE857D2458609A00431FAA /* Build configuration list for PBXNativeTarget "pitchTests" */ = {
			isa = XCConfigurationList;
			buildConfigurations = (
				D4BE857E2458609A00431FAA /* Debug */,
				D4BE857F2458609A00431FAA /* Release */,
			);
			defaultConfigurationIsVisible = 0;
			defaultConfigurationName = Release;
		};
		D4BE85802458609A00431FAA /* Build configuration list for PBXNativeTarget "pitchUITests" */ = {
			isa = XCConfigurationList;
			buildConfigurations = (
				D4BE85812458609A00431FAA /* Debug */,
				D4BE85822458609A00431FAA /* Release */,
			);
			defaultConfigurationIsVisible = 0;
			defaultConfigurationName = Release;
		};
/* End XCConfigurationList section */
	};
	rootObject = D4BE85482458609700431FAA /* Project object */;
}
